schema: '2.0'
stages:
  prepare:
    cmd: python prepare.py
    outs:
    - path: iris.csv
      hash: md5
      md5: 4d301abed5efe50eccda350cde38e0eb
      size: 2777
  train:
    cmd: python train.py
    deps:
    - path: iris.csv
      hash: md5
      md5: 4d301abed5efe50eccda350cde38e0eb
      size: 2777
    - path: train.py
      hash: md5
      md5: 0e9ea0c36428d67344eb24c51d6ce3bc
      size: 1023
    params:
      params.yaml:
        split.test_size: 0.2
        train.n_estimators: 1000
        train.random_state: 42
    outs:
    - path: metrics/eval.json
      hash: md5
      md5: 9a0379eaa11dd7b9e9995a62a5f21656
      size: 17
    - path: models/model.pkl
      hash: md5
      md5: 53ca96d6a99f8595ad288e63684b835c
      size: 1834145
